
Microsoft Visual Studio Solution File, Format Version 12.00
# Visual Studio Version 17
VisualStudioVersion = 17.8.34525.116
MinimumVisualStudioVersion = 10.0.40219.1
Project("{FAE04EC0-301F-11D3-BF4B-00C04F79EFBC}") = "practika_1_2", "practika_1_2\practika_1_2.csproj", "{883F7149-8392-41A2-B5FA-32D7B3794F61}"
EndProject
Global
	GlobalSection(SolutionConfigurationPlatforms) = preSolution
		Debug|Any CPU = Debug|Any CPU
		Release|Any CPU = Release|Any CPU
	EndGlobalSection
	GlobalSection(ProjectConfigurationPlatforms) = postSolution
		{883F7149-8392-41A2-B5FA-32D7B3794F61}.Debug|Any CPU.ActiveCfg = Debug|Any CPU
		{883F7149-8392-41A2-B5FA-32D7B3794F61}.Debug|Any CPU.Build.0 = Debug|Any CPU
		{883F7149-8392-41A2-B5FA-32D7B3794F61}.Release|Any CPU.ActiveCfg = Release|Any CPU
		{883F7149-8392-41A2-B5FA-32D7B3794F61}.Release|Any CPU.Build.0 = Release|Any CPU
	EndGlobalSection
	GlobalSection(SolutionProperties) = preSolution
		HideSolutionNode = FALSE
	EndGlobalSection
	GlobalSection(ExtensibilityGlobals) = postSolution
		SolutionGuid = {C5EF6A59-F16A-4770-B799-B362AFF469C2}
	EndGlobalSection
EndGlobal
